
Microsoft Visual Studio Solution File, Format Version 12.00
# Visual Studio Version 17
VisualStudioVersion = 17.0.32014.148
MinimumVisualStudioVersion = 10.0.40219.1
Project("{FAE04EC0-301F-11D3-BF4B-00C04F79EFBC}") = "lab7Client", "lab7Client.csproj", "{6D13AF13-6C3D-4590-8FF6-5A677AE3B796}"
EndProject
Global
	GlobalSection(SolutionConfigurationPlatforms) = preSolution
		Debug|Any CPU = Debug|Any CPU
		Release|Any CPU = Release|Any CPU
	EndGlobalSection
	GlobalSection(ProjectConfigurationPlatforms) = postSolution
		{6D13AF13-6C3D-4590-8FF6-5A677AE3B796}.Debug|Any CPU.ActiveCfg = Debug|Any CPU
		{6D13AF13-6C3D-4590-8FF6-5A677AE3B796}.Debug|Any CPU.Build.0 = Debug|Any CPU
		{6D13AF13-6C3D-4590-8FF6-5A677AE3B796}.Release|Any CPU.ActiveCfg = Release|Any CPU
		{6D13AF13-6C3D-4590-8FF6-5A677AE3B796}.Release|Any CPU.Build.0 = Release|Any CPU
	EndGlobalSection
	GlobalSection(SolutionProperties) = preSolution
		HideSolutionNode = FALSE
	EndGlobalSection
	GlobalSection(ExtensibilityGlobals) = postSolution
		SolutionGuid = {98F4114E-37A2-499E-96C7-BE59887D58A6}
	EndGlobalSection
EndGlobal
