
Microsoft Visual Studio Solution File, Format Version 12.00
# Visual Studio Version 17
VisualStudioVersion = 17.0.32014.148
MinimumVisualStudioVersion = 10.0.40219.1
Project("{FAE04EC0-301F-11D3-BF4B-00C04F79EFBC}") = "lab7", "lab7.csproj", "{5932F519-C46E-4861-BE3F-3E979C30AF10}"
EndProject
Global
	GlobalSection(SolutionConfigurationPlatforms) = preSolution
		Debug|Any CPU = Debug|Any CPU
		Release|Any CPU = Release|Any CPU
	EndGlobalSection
	GlobalSection(ProjectConfigurationPlatforms) = postSolution
		{5932F519-C46E-4861-BE3F-3E979C30AF10}.Debug|Any CPU.ActiveCfg = Debug|Any CPU
		{5932F519-C46E-4861-BE3F-3E979C30AF10}.Debug|Any CPU.Build.0 = Debug|Any CPU
		{5932F519-C46E-4861-BE3F-3E979C30AF10}.Release|Any CPU.ActiveCfg = Release|Any CPU
		{5932F519-C46E-4861-BE3F-3E979C30AF10}.Release|Any CPU.Build.0 = Release|Any CPU
	EndGlobalSection
	GlobalSection(SolutionProperties) = preSolution
		HideSolutionNode = FALSE
	EndGlobalSection
	GlobalSection(ExtensibilityGlobals) = postSolution
		SolutionGuid = {014D55A8-F43B-4C00-BF08-A48223273E06}
	EndGlobalSection
EndGlobal
